{
    "version": 3,
    "terraform_version": "0.11.14",
    "serial": 4,
    "lineage": "7a1bfdc2-02ef-26e1-519b-592de64d1383",
    "modules": [
        {
            "path": [
                "root"
            ],
            "outputs": {},
            "resources": {
                "aws_cloudwatch_log_group.log_group": {
                    "type": "aws_cloudwatch_log_group",
                    "depends_on": [],
                    "primary": {
                        "id": "/ecs/html-feature-extractor-worker",
                        "attributes": {
                            "arn": "arn:aws:logs:us-east-1:109628666462:log-group:/ecs/html-feature-extractor-worker:*",
                            "id": "/ecs/html-feature-extractor-worker",
                            "kms_key_id": "",
                            "name": "/ecs/html-feature-extractor-worker",
                            "retention_in_days": "0",
                            "tags.%": "0"
                        },
                        "meta": {},
                        "tainted": false
                    },
                    "deposed": [],
                    "provider": "provider.aws"
                },
                "aws_ecr_repository.repository": {
                    "type": "aws_ecr_repository",
                    "depends_on": [],
                    "primary": {
                        "id": "html-feature-extractor-worker",
                        "attributes": {
                            "arn": "arn:aws:ecr:us-east-1:109628666462:repository/html-feature-extractor-worker",
                            "id": "html-feature-extractor-worker",
                            "image_tag_mutability": "MUTABLE",
                            "name": "html-feature-extractor-worker",
                            "registry_id": "109628666462",
                            "repository_url": "109628666462.dkr.ecr.us-east-1.amazonaws.com/html-feature-extractor-worker",
                            "tags.%": "0"
                        },
                        "meta": {
                            "e2bfb730-ecaa-11e6-8f88-34363bc7c4c0": {
                                "delete": 1200000000000
                            }
                        },
                        "tainted": false
                    },
                    "deposed": [],
                    "provider": "provider.aws"
                },
                "aws_ecs_cluster.cluster": {
                    "type": "aws_ecs_cluster",
                    "depends_on": [],
                    "primary": {
                        "id": "arn:aws:ecs:us-east-1:109628666462:cluster/html-feature-extractor-worker",
                        "attributes": {
                            "arn": "arn:aws:ecs:us-east-1:109628666462:cluster/html-feature-extractor-worker",
                            "id": "arn:aws:ecs:us-east-1:109628666462:cluster/html-feature-extractor-worker",
                            "name": "html-feature-extractor-worker",
                            "setting.#": "1",
                            "setting.1157067080.name": "containerInsights",
                            "setting.1157067080.value": "disabled",
                            "tags.%": "0"
                        },
                        "meta": {},
                        "tainted": false
                    },
                    "deposed": [],
                    "provider": "provider.aws"
                },
                "aws_ecs_service.service": {
                    "type": "aws_ecs_service",
                    "depends_on": [
                        "aws_ecs_cluster.cluster",
                        "aws_ecs_task_definition.task_definition"
                    ],
                    "primary": {
                        "id": "arn:aws:ecs:us-east-1:109628666462:service/html-feature-extractor-worker",
                        "attributes": {
                            "cluster": "arn:aws:ecs:us-east-1:109628666462:cluster/html-feature-extractor-worker",
                            "deployment_controller.#": "1",
                            "deployment_controller.0.type": "ECS",
                            "deployment_maximum_percent": "200",
                            "deployment_minimum_healthy_percent": "100",
                            "desired_count": "0",
                            "enable_ecs_managed_tags": "false",
                            "health_check_grace_period_seconds": "0",
                            "iam_role": "aws-service-role",
                            "id": "arn:aws:ecs:us-east-1:109628666462:service/html-feature-extractor-worker",
                            "launch_type": "FARGATE",
                            "load_balancer.#": "0",
                            "name": "html-feature-extractor-worker",
                            "network_configuration.#": "1",
                            "network_configuration.0.assign_public_ip": "true",
                            "network_configuration.0.security_groups.#": "0",
                            "network_configuration.0.subnets.#": "1",
                            "network_configuration.0.subnets.903131740": "subnet-37c64c52",
                            "ordered_placement_strategy.#": "0",
                            "placement_constraints.#": "0",
                            "placement_strategy.#": "0",
                            "platform_version": "LATEST",
                            "propagate_tags": "NONE",
                            "scheduling_strategy": "REPLICA",
                            "service_registries.#": "0",
                            "tags.%": "0",
                            "task_definition": "arn:aws:ecs:us-east-1:109628666462:task-definition/html-feature-extractor-worker:6"
                        },
                        "meta": {},
                        "tainted": false
                    },
                    "deposed": [],
                    "provider": "provider.aws"
                },
                "aws_iam_policy.task_role_policy": {
                    "type": "aws_iam_policy",
                    "depends_on": [
                        "aws_s3_bucket.output",
                        "aws_sqs_queue.input"
                    ],
                    "primary": {
                        "id": "arn:aws:iam::109628666462:policy/html-feature-extractor-worker-container-task-policy",
                        "attributes": {
                            "arn": "arn:aws:iam::109628666462:policy/html-feature-extractor-worker-container-task-policy",
                            "description": "",
                            "id": "arn:aws:iam::109628666462:policy/html-feature-extractor-worker-container-task-policy",
                            "name": "html-feature-extractor-worker-container-task-policy",
                            "path": "/",
                            "policy": "{\n    \"Version\": \"2012-10-17\",\n    \"Statement\": [\n        {\n            \"Sid\": \"AllowReadFromSQS\",\n            \"Effect\": \"Allow\",\n            \"Action\": [\n                \"sqs:ReceiveMessage\",\n                \"sqs:ChangeMessageVisibility\",\n                \"sqs:DeleteMessage\",\n                \"sqs:GetQueueAttributes\",\n                \"sqs:SetQueueAttributes\"\n            ],\n            \"Resource\": \"arn:aws:sqs:us-east-1:109628666462:html-feature-extractor-worker-queue\"\n        },\n        {\n            \"Sid\": \"AllowWriteToS3\",\n            \"Effect\": \"Allow\",\n            \"Action\": [\n              \"s3:PutObject\"\n            ],\n            \"Resource\": [\n                \"arn:aws:s3:::html-feature-extractor-worker-output/*\"\n            ]\n        }\n    ]\n}\n"
                        },
                        "meta": {},
                        "tainted": false
                    },
                    "deposed": [],
                    "provider": "provider.aws"
                },
                "aws_iam_role.task_execution_role": {
                    "type": "aws_iam_role",
                    "depends_on": [],
                    "primary": {
                        "id": "html-feature-extractor-worker-container-task-execution-role",
                        "attributes": {
                            "arn": "arn:aws:iam::109628666462:role/html-feature-extractor-worker-container-task-execution-role",
                            "assume_role_policy": "{\"Version\":\"2012-10-17\",\"Statement\":[{\"Sid\":\"\",\"Effect\":\"Allow\",\"Principal\":{\"Service\":\"ecs-tasks.amazonaws.com\"},\"Action\":\"sts:AssumeRole\"}]}",
                            "create_date": "2020-01-30T16:18:15Z",
                            "description": "",
                            "force_detach_policies": "false",
                            "id": "html-feature-extractor-worker-container-task-execution-role",
                            "max_session_duration": "3600",
                            "name": "html-feature-extractor-worker-container-task-execution-role",
                            "path": "/",
                            "tags.%": "0",
                            "unique_id": "AROARTBTAWJPLCUCQWRAI"
                        },
                        "meta": {},
                        "tainted": false
                    },
                    "deposed": [],
                    "provider": "provider.aws"
                },
                "aws_iam_role.task_role": {
                    "type": "aws_iam_role",
                    "depends_on": [],
                    "primary": {
                        "id": "html-feature-extractor-worker-container-task-role",
                        "attributes": {
                            "arn": "arn:aws:iam::109628666462:role/html-feature-extractor-worker-container-task-role",
                            "assume_role_policy": "{\"Version\":\"2012-10-17\",\"Statement\":[{\"Sid\":\"\",\"Effect\":\"Allow\",\"Principal\":{\"Service\":\"ecs-tasks.amazonaws.com\"},\"Action\":\"sts:AssumeRole\"}]}",
                            "create_date": "2020-01-30T16:18:15Z",
                            "description": "",
                            "force_detach_policies": "false",
                            "id": "html-feature-extractor-worker-container-task-role",
                            "max_session_duration": "3600",
                            "name": "html-feature-extractor-worker-container-task-role",
                            "path": "/",
                            "tags.%": "0",
                            "unique_id": "AROARTBTAWJPO6UVUTRLX"
                        },
                        "meta": {},
                        "tainted": false
                    },
                    "deposed": [],
                    "provider": "provider.aws"
                },
                "aws_iam_role_policy_attachment.task_execution_role_policy_attachment": {
                    "type": "aws_iam_role_policy_attachment",
                    "depends_on": [
                        "aws_iam_role.task_execution_role"
                    ],
                    "primary": {
                        "id": "html-feature-extractor-worker-container-task-execution-role-20200130161816581700000001",
                        "attributes": {
                            "id": "html-feature-extractor-worker-container-task-execution-role-20200130161816581700000001",
                            "policy_arn": "arn:aws:iam::aws:policy/service-role/AmazonECSTaskExecutionRolePolicy",
                            "role": "html-feature-extractor-worker-container-task-execution-role"
                        },
                        "meta": {},
                        "tainted": false
                    },
                    "deposed": [],
                    "provider": "provider.aws"
                },
                "aws_iam_role_policy_attachment.task_role_policy_attachment": {
                    "type": "aws_iam_role_policy_attachment",
                    "depends_on": [
                        "aws_iam_policy.task_role_policy",
                        "aws_iam_role.task_role"
                    ],
                    "primary": {
                        "id": "html-feature-extractor-worker-container-task-role-20200130161818909500000003",
                        "attributes": {
                            "id": "html-feature-extractor-worker-container-task-role-20200130161818909500000003",
                            "policy_arn": "arn:aws:iam::109628666462:policy/html-feature-extractor-worker-container-task-policy",
                            "role": "html-feature-extractor-worker-container-task-role"
                        },
                        "meta": {},
                        "tainted": false
                    },
                    "deposed": [],
                    "provider": "provider.aws"
                },
                "aws_s3_bucket.output": {
                    "type": "aws_s3_bucket",
                    "depends_on": [],
                    "primary": {
                        "id": "html-feature-extractor-worker-output",
                        "attributes": {
                            "acceleration_status": "",
                            "acl": "public-read",
                            "arn": "arn:aws:s3:::html-feature-extractor-worker-output",
                            "bucket": "html-feature-extractor-worker-output",
                            "bucket_domain_name": "html-feature-extractor-worker-output.s3.amazonaws.com",
                            "bucket_regional_domain_name": "html-feature-extractor-worker-output.s3.amazonaws.com",
                            "cors_rule.#": "0",
                            "force_destroy": "false",
                            "hosted_zone_id": "Z3AQBSTGFYJSTF",
                            "id": "html-feature-extractor-worker-output",
                            "lifecycle_rule.#": "1",
                            "lifecycle_rule.0.abort_incomplete_multipart_upload_days": "0",
                            "lifecycle_rule.0.enabled": "true",
                            "lifecycle_rule.0.expiration.#": "1",
                            "lifecycle_rule.0.expiration.1709177023.date": "",
                            "lifecycle_rule.0.expiration.1709177023.days": "30",
                            "lifecycle_rule.0.expiration.1709177023.expired_object_delete_marker": "false",
                            "lifecycle_rule.0.id": "expiration",
                            "lifecycle_rule.0.noncurrent_version_expiration.#": "0",
                            "lifecycle_rule.0.noncurrent_version_transition.#": "0",
                            "lifecycle_rule.0.prefix": "",
                            "lifecycle_rule.0.tags.%": "0",
                            "lifecycle_rule.0.transition.#": "0",
                            "logging.#": "0",
                            "object_lock_configuration.#": "0",
                            "policy": "{\"Statement\":[{\"Action\":\"s3:GetObject\",\"Effect\":\"Allow\",\"Principal\":{\"AWS\":\"*\"},\"Resource\":\"arn:aws:s3:::html-feature-extractor-worker-output/*\",\"Sid\":\"PublicReadForGetBucketObjects\"}],\"Version\":\"2008-10-17\"}",
                            "region": "us-east-1",
                            "replication_configuration.#": "0",
                            "request_payer": "BucketOwner",
                            "server_side_encryption_configuration.#": "0",
                            "tags.%": "0",
                            "versioning.#": "1",
                            "versioning.0.enabled": "false",
                            "versioning.0.mfa_delete": "false",
                            "website.#": "0"
                        },
                        "meta": {},
                        "tainted": false
                    },
                    "deposed": [],
                    "provider": "provider.aws"
                },
                "aws_sqs_queue.deadletter": {
                    "type": "aws_sqs_queue",
                    "depends_on": [],
                    "primary": {
                        "id": "https://sqs.us-east-1.amazonaws.com/109628666462/html-feature-extractor-worker-queue-deadletter",
                        "attributes": {
                            "arn": "arn:aws:sqs:us-east-1:109628666462:html-feature-extractor-worker-queue-deadletter",
                            "content_based_deduplication": "false",
                            "delay_seconds": "0",
                            "fifo_queue": "false",
                            "id": "https://sqs.us-east-1.amazonaws.com/109628666462/html-feature-extractor-worker-queue-deadletter",
                            "kms_data_key_reuse_period_seconds": "300",
                            "kms_master_key_id": "",
                            "max_message_size": "262144",
                            "message_retention_seconds": "345600",
                            "name": "html-feature-extractor-worker-queue-deadletter",
                            "policy": "",
                            "receive_wait_time_seconds": "5",
                            "redrive_policy": "",
                            "tags.%": "0",
                            "visibility_timeout_seconds": "30"
                        },
                        "meta": {},
                        "tainted": false
                    },
                    "deposed": [],
                    "provider": "provider.aws"
                },
                "aws_sqs_queue.input": {
                    "type": "aws_sqs_queue",
                    "depends_on": [
                        "aws_sqs_queue.deadletter"
                    ],
                    "primary": {
                        "id": "https://sqs.us-east-1.amazonaws.com/109628666462/html-feature-extractor-worker-queue",
                        "attributes": {
                            "arn": "arn:aws:sqs:us-east-1:109628666462:html-feature-extractor-worker-queue",
                            "content_based_deduplication": "false",
                            "delay_seconds": "0",
                            "fifo_queue": "false",
                            "id": "https://sqs.us-east-1.amazonaws.com/109628666462/html-feature-extractor-worker-queue",
                            "kms_data_key_reuse_period_seconds": "300",
                            "kms_master_key_id": "",
                            "max_message_size": "262144",
                            "message_retention_seconds": "86400",
                            "name": "html-feature-extractor-worker-queue",
                            "policy": "",
                            "receive_wait_time_seconds": "20",
                            "redrive_policy": "{\"deadLetterTargetArn\":\"arn:aws:sqs:us-east-1:109628666462:html-feature-extractor-worker-queue-deadletter\",\"maxReceiveCount\":4}",
                            "tags.%": "0",
                            "visibility_timeout_seconds": "30"
                        },
                        "meta": {},
                        "tainted": false
                    },
                    "deposed": [],
                    "provider": "provider.aws"
                }
            },
            "depends_on": []
        }
    ]
}
