{
    "version": 3,
    "terraform_version": "0.11.14",
    "serial": 2,
    "lineage": "7a1bfdc2-02ef-26e1-519b-592de64d1383",
    "modules": [
        {
            "path": [
                "root"
            ],
            "outputs": {},
            "resources": {
                "aws_ecs_cluster.cluster": {
                    "type": "aws_ecs_cluster",
                    "depends_on": [],
                    "primary": {
                        "id": "arn:aws:ecs:us-east-1:109628666462:cluster/html-feature-extractor-worker",
                        "attributes": {
                            "arn": "arn:aws:ecs:us-east-1:109628666462:cluster/html-feature-extractor-worker",
                            "id": "arn:aws:ecs:us-east-1:109628666462:cluster/html-feature-extractor-worker",
                            "name": "html-feature-extractor-worker",
                            "setting.#": "1",
                            "setting.1157067080.name": "containerInsights",
                            "setting.1157067080.value": "disabled",
                            "tags.%": "0"
                        },
                        "meta": {},
                        "tainted": false
                    },
                    "deposed": [],
                    "provider": "provider.aws"
                },
                "aws_s3_bucket.output": {
                    "type": "aws_s3_bucket",
                    "depends_on": [],
                    "primary": {
                        "id": "html-feature-extractor-worker-output",
                        "attributes": {
                            "acceleration_status": "",
                            "acl": "public-read",
                            "arn": "arn:aws:s3:::html-feature-extractor-worker-output",
                            "bucket": "html-feature-extractor-worker-output",
                            "bucket_domain_name": "html-feature-extractor-worker-output.s3.amazonaws.com",
                            "bucket_regional_domain_name": "html-feature-extractor-worker-output.s3.amazonaws.com",
                            "cors_rule.#": "0",
                            "force_destroy": "false",
                            "hosted_zone_id": "Z3AQBSTGFYJSTF",
                            "id": "html-feature-extractor-worker-output",
                            "lifecycle_rule.#": "1",
                            "lifecycle_rule.0.abort_incomplete_multipart_upload_days": "0",
                            "lifecycle_rule.0.enabled": "true",
                            "lifecycle_rule.0.expiration.#": "1",
                            "lifecycle_rule.0.expiration.1709177023.date": "",
                            "lifecycle_rule.0.expiration.1709177023.days": "30",
                            "lifecycle_rule.0.expiration.1709177023.expired_object_delete_marker": "false",
                            "lifecycle_rule.0.id": "expiration",
                            "lifecycle_rule.0.noncurrent_version_expiration.#": "0",
                            "lifecycle_rule.0.noncurrent_version_transition.#": "0",
                            "lifecycle_rule.0.prefix": "",
                            "lifecycle_rule.0.tags.%": "0",
                            "lifecycle_rule.0.transition.#": "0",
                            "logging.#": "0",
                            "object_lock_configuration.#": "0",
                            "policy": "{\"Statement\":[{\"Action\":\"s3:GetObject\",\"Effect\":\"Allow\",\"Principal\":{\"AWS\":\"*\"},\"Resource\":\"arn:aws:s3:::html-feature-extractor-worker-output/*\",\"Sid\":\"PublicReadForGetBucketObjects\"}],\"Version\":\"2008-10-17\"}",
                            "region": "us-east-1",
                            "replication_configuration.#": "0",
                            "request_payer": "BucketOwner",
                            "server_side_encryption_configuration.#": "0",
                            "tags.%": "0",
                            "versioning.#": "1",
                            "versioning.0.enabled": "false",
                            "versioning.0.mfa_delete": "false",
                            "website.#": "0"
                        },
                        "meta": {},
                        "tainted": false
                    },
                    "deposed": [],
                    "provider": "provider.aws"
                },
                "aws_sqs_queue.deadletter": {
                    "type": "aws_sqs_queue",
                    "depends_on": [],
                    "primary": {
                        "id": "https://sqs.us-east-1.amazonaws.com/109628666462/html-feature-extractor-worker-queue-deadletter",
                        "attributes": {
                            "arn": "arn:aws:sqs:us-east-1:109628666462:html-feature-extractor-worker-queue-deadletter",
                            "content_based_deduplication": "false",
                            "delay_seconds": "0",
                            "fifo_queue": "false",
                            "id": "https://sqs.us-east-1.amazonaws.com/109628666462/html-feature-extractor-worker-queue-deadletter",
                            "kms_data_key_reuse_period_seconds": "300",
                            "kms_master_key_id": "",
                            "max_message_size": "262144",
                            "message_retention_seconds": "345600",
                            "name": "html-feature-extractor-worker-queue-deadletter",
                            "policy": "",
                            "receive_wait_time_seconds": "5",
                            "redrive_policy": "",
                            "tags.%": "0",
                            "visibility_timeout_seconds": "30"
                        },
                        "meta": {},
                        "tainted": false
                    },
                    "deposed": [],
                    "provider": "provider.aws"
                },
                "aws_sqs_queue.input": {
                    "type": "aws_sqs_queue",
                    "depends_on": [
                        "aws_sqs_queue.deadletter"
                    ],
                    "primary": {
                        "id": "https://sqs.us-east-1.amazonaws.com/109628666462/html-feature-extractor-worker-queue",
                        "attributes": {
                            "arn": "arn:aws:sqs:us-east-1:109628666462:html-feature-extractor-worker-queue",
                            "content_based_deduplication": "false",
                            "delay_seconds": "0",
                            "fifo_queue": "false",
                            "id": "https://sqs.us-east-1.amazonaws.com/109628666462/html-feature-extractor-worker-queue",
                            "kms_data_key_reuse_period_seconds": "300",
                            "kms_master_key_id": "",
                            "max_message_size": "262144",
                            "message_retention_seconds": "86400",
                            "name": "html-feature-extractor-worker-queue",
                            "policy": "",
                            "receive_wait_time_seconds": "20",
                            "redrive_policy": "{\"deadLetterTargetArn\":\"arn:aws:sqs:us-east-1:109628666462:html-feature-extractor-worker-queue-deadletter\",\"maxReceiveCount\":4}",
                            "tags.%": "0",
                            "visibility_timeout_seconds": "30"
                        },
                        "meta": {},
                        "tainted": false
                    },
                    "deposed": [],
                    "provider": "provider.aws"
                }
            },
            "depends_on": []
        }
    ]
}
